
Microsoft Visual Studio Solution File, Format Version 12.00
# Visual Studio Version 17
VisualStudioVersion = 17.5.002.0
MinimumVisualStudioVersion = 10.0.40219.1
Project("{9A19103F-16F7-4668-BE54-9A1E7A4F7556}") = "D02_UsoDoOperadorTernario", "D02_UsoDoOperadorTernario.csproj", "{9192888C-759B-4C2C-83EA-99C527D2A54B}"
EndProject
Global
	GlobalSection(SolutionConfigurationPlatforms) = preSolution
		Debug|Any CPU = Debug|Any CPU
		Release|Any CPU = Release|Any CPU
	EndGlobalSection
	GlobalSection(ProjectConfigurationPlatforms) = postSolution
		{9192888C-759B-4C2C-83EA-99C527D2A54B}.Debug|Any CPU.ActiveCfg = Debug|Any CPU
		{9192888C-759B-4C2C-83EA-99C527D2A54B}.Debug|Any CPU.Build.0 = Debug|Any CPU
		{9192888C-759B-4C2C-83EA-99C527D2A54B}.Release|Any CPU.ActiveCfg = Release|Any CPU
		{9192888C-759B-4C2C-83EA-99C527D2A54B}.Release|Any CPU.Build.0 = Release|Any CPU
	EndGlobalSection
	GlobalSection(SolutionProperties) = preSolution
		HideSolutionNode = FALSE
	EndGlobalSection
	GlobalSection(ExtensibilityGlobals) = postSolution
		SolutionGuid = {6C267582-C2FB-4C07-9673-93ED7705DAD6}
	EndGlobalSection
EndGlobal
