
Microsoft Visual Studio Solution File, Format Version 12.00
# Visual Studio Version 17
VisualStudioVersion = 17.5.002.0
MinimumVisualStudioVersion = 10.0.40219.1
Project("{9A19103F-16F7-4668-BE54-9A1E7A4F7556}") = "DC07_ManipulacaoEntradaConsole", "DC07_ManipulacaoEntradaConsole.csproj", "{806B76D0-F853-4F18-9FE5-6BFBB0319EAD}"
EndProject
Global
	GlobalSection(SolutionConfigurationPlatforms) = preSolution
		Debug|Any CPU = Debug|Any CPU
		Release|Any CPU = Release|Any CPU
	EndGlobalSection
	GlobalSection(ProjectConfigurationPlatforms) = postSolution
		{806B76D0-F853-4F18-9FE5-6BFBB0319EAD}.Debug|Any CPU.ActiveCfg = Debug|Any CPU
		{806B76D0-F853-4F18-9FE5-6BFBB0319EAD}.Debug|Any CPU.Build.0 = Debug|Any CPU
		{806B76D0-F853-4F18-9FE5-6BFBB0319EAD}.Release|Any CPU.ActiveCfg = Release|Any CPU
		{806B76D0-F853-4F18-9FE5-6BFBB0319EAD}.Release|Any CPU.Build.0 = Release|Any CPU
	EndGlobalSection
	GlobalSection(SolutionProperties) = preSolution
		HideSolutionNode = FALSE
	EndGlobalSection
	GlobalSection(ExtensibilityGlobals) = postSolution
		SolutionGuid = {3AD1CE36-A071-4915-9D8E-4E2622BD7EAC}
	EndGlobalSection
EndGlobal
