
Microsoft Visual Studio Solution File, Format Version 12.00
# Visual Studio Version 17
VisualStudioVersion = 17.5.002.0
MinimumVisualStudioVersion = 10.0.40219.1
Project("{9A19103F-16F7-4668-BE54-9A1E7A4F7556}") = "PG02_CalcularGPAFinal", "PG02_CalcularGPAFinal.csproj", "{B80C13ED-E252-45B9-8DD7-6B56A3311730}"
EndProject
Global
	GlobalSection(SolutionConfigurationPlatforms) = preSolution
		Debug|Any CPU = Debug|Any CPU
		Release|Any CPU = Release|Any CPU
	EndGlobalSection
	GlobalSection(ProjectConfigurationPlatforms) = postSolution
		{B80C13ED-E252-45B9-8DD7-6B56A3311730}.Debug|Any CPU.ActiveCfg = Debug|Any CPU
		{B80C13ED-E252-45B9-8DD7-6B56A3311730}.Debug|Any CPU.Build.0 = Debug|Any CPU
		{B80C13ED-E252-45B9-8DD7-6B56A3311730}.Release|Any CPU.ActiveCfg = Release|Any CPU
		{B80C13ED-E252-45B9-8DD7-6B56A3311730}.Release|Any CPU.Build.0 = Release|Any CPU
	EndGlobalSection
	GlobalSection(SolutionProperties) = preSolution
		HideSolutionNode = FALSE
	EndGlobalSection
	GlobalSection(ExtensibilityGlobals) = postSolution
		SolutionGuid = {FAE08CA4-42FF-4A8B-8E44-399BCE2E91EF}
	EndGlobalSection
EndGlobal
