
Microsoft Visual Studio Solution File, Format Version 12.00
# Visual Studio Version 17
VisualStudioVersion = 17.5.002.0
MinimumVisualStudioVersion = 10.0.40219.1
Project("{9A19103F-16F7-4668-BE54-9A1E7A4F7556}") = "DC12_InterpolarStrings", "DC12_InterpolarStrings.csproj", "{026E8BAF-1D0E-44A9-93EF-3CF0DDF3C3DD}"
EndProject
Global
	GlobalSection(SolutionConfigurationPlatforms) = preSolution
		Debug|Any CPU = Debug|Any CPU
		Release|Any CPU = Release|Any CPU
	EndGlobalSection
	GlobalSection(ProjectConfigurationPlatforms) = postSolution
		{026E8BAF-1D0E-44A9-93EF-3CF0DDF3C3DD}.Debug|Any CPU.ActiveCfg = Debug|Any CPU
		{026E8BAF-1D0E-44A9-93EF-3CF0DDF3C3DD}.Debug|Any CPU.Build.0 = Debug|Any CPU
		{026E8BAF-1D0E-44A9-93EF-3CF0DDF3C3DD}.Release|Any CPU.ActiveCfg = Release|Any CPU
		{026E8BAF-1D0E-44A9-93EF-3CF0DDF3C3DD}.Release|Any CPU.Build.0 = Release|Any CPU
	EndGlobalSection
	GlobalSection(SolutionProperties) = preSolution
		HideSolutionNode = FALSE
	EndGlobalSection
	GlobalSection(ExtensibilityGlobals) = postSolution
		SolutionGuid = {20253B15-7C3D-4889-A6B0-16C18247B713}
	EndGlobalSection
EndGlobal
